
Microsoft Visual Studio Solution File, Format Version 12.00
# Visual Studio 15
VisualStudioVersion = 15.0.28307.106
MinimumVisualStudioVersion = 10.0.40219.1
Project("{FAE04EC0-301F-11D3-BF4B-00C04F79EFBC}") = "GuessTheNumber", "GuessTheNumber\GuessTheNumber.csproj", "{97B8C137-568F-4848-A8CC-B97B3B9083CC}"
EndProject
Global
	GlobalSection(SolutionConfigurationPlatforms) = preSolution
		Debug|Any CPU = Debug|Any CPU
		Release|Any CPU = Release|Any CPU
	EndGlobalSection
	GlobalSection(ProjectConfigurationPlatforms) = postSolution
		{97B8C137-568F-4848-A8CC-B97B3B9083CC}.Debug|Any CPU.ActiveCfg = Debug|Any CPU
		{97B8C137-568F-4848-A8CC-B97B3B9083CC}.Debug|Any CPU.Build.0 = Debug|Any CPU
		{97B8C137-568F-4848-A8CC-B97B3B9083CC}.Release|Any CPU.ActiveCfg = Release|Any CPU
		{97B8C137-568F-4848-A8CC-B97B3B9083CC}.Release|Any CPU.Build.0 = Release|Any CPU
	EndGlobalSection
	GlobalSection(SolutionProperties) = preSolution
		HideSolutionNode = FALSE
	EndGlobalSection
	GlobalSection(ExtensibilityGlobals) = postSolution
		SolutionGuid = {E85B9E3C-FC2A-4332-935D-4FA6CC8D9427}
	EndGlobalSection
EndGlobal
